# This file was autogenerated by Stack.
# You should not edit this file by hand.
# For more information, please see the documentation at:
#   https://docs.haskellstack.org/en/stable/lock_files

packages:
- completed:
    hackage: hakyll-4.16.0.0@sha256:68426098d96f8bd17216c0f53a34856dc0e6386c7405f38afbd891f3fa878ed3,10198
    pantry-tree:
      sha256: 59ace0aab85d131b505ad85eab16d532a99cdd041b2328c28a153921768340aa
      size: 9052
  original:
    hackage: hakyll-4.16.0.0
snapshots:
- completed:
    sha256: 005f204647467d65c4ab549a5ca35d54b3d90a84a99a4ffc5d421a4018854fe2
    size: 618509
    url: https://raw.githubusercontent.com/commercialhaskell/stackage-snapshots/master/lts/19/10.yaml
  original: lts-19.10
